
Microsoft Visual Studio Solution File, Format Version 12.00
# Visual Studio Version 17
VisualStudioVersion = 17.11.35303.130
MinimumVisualStudioVersion = 10.0.40219.1
Project("{2150E333-8FDC-42A3-9474-1A3956D46DE8}") = "Task0", "Task0", "{35E8A6D0-F426-4144-BBA9-28B05D5806F8}"
EndProject
Project("{9A19103F-16F7-4668-BE54-9A1E7A4F7556}") = "Tyuiu.SimonovMA.Sprint5.Task0.V8", "Tyuiu.SimonovMA.Sprint5.Task0.V8\Tyuiu.SimonovMA.Sprint5.Task0.V8.csproj", "{75D63BAE-04AE-4B1F-8333-35C921146E04}"
EndProject
Project("{9A19103F-16F7-4668-BE54-9A1E7A4F7556}") = "Tyuiu.SimonovMA.Sprint5.Task0.V8.Lib", "Tyuiu.SimonovMA.Sprint5.Task0.V8.Lib\Tyuiu.SimonovMA.Sprint5.Task0.V8.Lib.csproj", "{A0A347E0-D9BF-4A19-B9E7-FD4162BE461A}"
EndProject
Project("{9A19103F-16F7-4668-BE54-9A1E7A4F7556}") = "Tyuiu.SimonovMA.Sprint5.Task0.V8.Test", "Tyuiu.SimonovMA.Sprint5.Task0.V8.Test\Tyuiu.SimonovMA.Sprint5.Task0.V8.Test.csproj", "{65F28F83-ADFD-4365-BA61-71358D8647D3}"
EndProject
Project("{2150E333-8FDC-42A3-9474-1A3956D46DE8}") = "Task1", "Task1", "{F4789C19-A055-467D-800A-9EEBF10ACFA5}"
EndProject
Project("{9A19103F-16F7-4668-BE54-9A1E7A4F7556}") = "Tyuiu.SimonovMA.Sprint5.Task1.V17", "Tyuiu.SimonovMA.Sprint5.Task1.V17\Tyuiu.SimonovMA.Sprint5.Task1.V17.csproj", "{5065BCD3-83D0-4487-AA5E-A94B58C82E8F}"
EndProject
Project("{9A19103F-16F7-4668-BE54-9A1E7A4F7556}") = "Tyuiu.SimonovMA.Sprint5.Task1.V17.Lib", "Tyuiu.SimonovMA.Sprint5.Task1.V17.Lib\Tyuiu.SimonovMA.Sprint5.Task1.V17.Lib.csproj", "{9E3CA794-C4D8-4136-B886-AF2B16964AAF}"
EndProject
Project("{9A19103F-16F7-4668-BE54-9A1E7A4F7556}") = "Tyuiu.SimonovMA.Sprint5.Task1.V17.Test", "Tyuiu.SimonovMA.Sprint5.Task1.V17.Test\Tyuiu.SimonovMA.Sprint5.Task1.V17.Test.csproj", "{315215C8-A940-44F6-881A-98B589B7E751}"
EndProject
Project("{2150E333-8FDC-42A3-9474-1A3956D46DE8}") = "Task2", "Task2", "{247F19F0-4D60-470F-8413-F5A7124282FB}"
EndProject
Project("{FAE04EC0-301F-11D3-BF4B-00C04F79EFBC}") = "Tyuiu.SimonovMA.Sprint5.Task2.V27", "Tyuiu.SimonovMA.Sprint5.Task2.V27\Tyuiu.SimonovMA.Sprint5.Task2.V27.csproj", "{B3AFBACF-E316-457A-B1E2-8E58E992792A}"
EndProject
Project("{FAE04EC0-301F-11D3-BF4B-00C04F79EFBC}") = "Tyuiu.SimonovMA.Sprint5.Task2.V27.Lib", "Tyuiu.SimonovMA.Sprint5.Task2.V27.Lib\Tyuiu.SimonovMA.Sprint5.Task2.V27.Lib.csproj", "{A73FE122-8D20-4244-A0F1-DF342DD107FD}"
EndProject
Project("{FAE04EC0-301F-11D3-BF4B-00C04F79EFBC}") = "Tyuiu.SimonovMA.Sprint5.Task2.V27.Test", "Tyuiu.SimonovMA.Sprint5.Task2.V27.Test\Tyuiu.SimonovMA.Sprint5.Task2.V27.Test.csproj", "{986155FF-BEC4-4753-8577-E33A34ED80BB}"
EndProject
Global
	GlobalSection(SolutionConfigurationPlatforms) = preSolution
		Debug|Any CPU = Debug|Any CPU
		Release|Any CPU = Release|Any CPU
	EndGlobalSection
	GlobalSection(ProjectConfigurationPlatforms) = postSolution
		{75D63BAE-04AE-4B1F-8333-35C921146E04}.Debug|Any CPU.ActiveCfg = Debug|Any CPU
		{75D63BAE-04AE-4B1F-8333-35C921146E04}.Debug|Any CPU.Build.0 = Debug|Any CPU
		{75D63BAE-04AE-4B1F-8333-35C921146E04}.Release|Any CPU.ActiveCfg = Release|Any CPU
		{75D63BAE-04AE-4B1F-8333-35C921146E04}.Release|Any CPU.Build.0 = Release|Any CPU
		{A0A347E0-D9BF-4A19-B9E7-FD4162BE461A}.Debug|Any CPU.ActiveCfg = Debug|Any CPU
		{A0A347E0-D9BF-4A19-B9E7-FD4162BE461A}.Debug|Any CPU.Build.0 = Debug|Any CPU
		{A0A347E0-D9BF-4A19-B9E7-FD4162BE461A}.Release|Any CPU.ActiveCfg = Release|Any CPU
		{A0A347E0-D9BF-4A19-B9E7-FD4162BE461A}.Release|Any CPU.Build.0 = Release|Any CPU
		{65F28F83-ADFD-4365-BA61-71358D8647D3}.Debug|Any CPU.ActiveCfg = Debug|Any CPU
		{65F28F83-ADFD-4365-BA61-71358D8647D3}.Debug|Any CPU.Build.0 = Debug|Any CPU
		{65F28F83-ADFD-4365-BA61-71358D8647D3}.Release|Any CPU.ActiveCfg = Release|Any CPU
		{65F28F83-ADFD-4365-BA61-71358D8647D3}.Release|Any CPU.Build.0 = Release|Any CPU
		{5065BCD3-83D0-4487-AA5E-A94B58C82E8F}.Debug|Any CPU.ActiveCfg = Debug|Any CPU
		{5065BCD3-83D0-4487-AA5E-A94B58C82E8F}.Debug|Any CPU.Build.0 = Debug|Any CPU
		{5065BCD3-83D0-4487-AA5E-A94B58C82E8F}.Release|Any CPU.ActiveCfg = Release|Any CPU
		{5065BCD3-83D0-4487-AA5E-A94B58C82E8F}.Release|Any CPU.Build.0 = Release|Any CPU
		{9E3CA794-C4D8-4136-B886-AF2B16964AAF}.Debug|Any CPU.ActiveCfg = Debug|Any CPU
		{9E3CA794-C4D8-4136-B886-AF2B16964AAF}.Debug|Any CPU.Build.0 = Debug|Any CPU
		{9E3CA794-C4D8-4136-B886-AF2B16964AAF}.Release|Any CPU.ActiveCfg = Release|Any CPU
		{9E3CA794-C4D8-4136-B886-AF2B16964AAF}.Release|Any CPU.Build.0 = Release|Any CPU
		{315215C8-A940-44F6-881A-98B589B7E751}.Debug|Any CPU.ActiveCfg = Debug|Any CPU
		{315215C8-A940-44F6-881A-98B589B7E751}.Debug|Any CPU.Build.0 = Debug|Any CPU
		{315215C8-A940-44F6-881A-98B589B7E751}.Release|Any CPU.ActiveCfg = Release|Any CPU
		{315215C8-A940-44F6-881A-98B589B7E751}.Release|Any CPU.Build.0 = Release|Any CPU
		{B3AFBACF-E316-457A-B1E2-8E58E992792A}.Debug|Any CPU.ActiveCfg = Debug|Any CPU
		{B3AFBACF-E316-457A-B1E2-8E58E992792A}.Debug|Any CPU.Build.0 = Debug|Any CPU
		{B3AFBACF-E316-457A-B1E2-8E58E992792A}.Release|Any CPU.ActiveCfg = Release|Any CPU
		{B3AFBACF-E316-457A-B1E2-8E58E992792A}.Release|Any CPU.Build.0 = Release|Any CPU
		{A73FE122-8D20-4244-A0F1-DF342DD107FD}.Debug|Any CPU.ActiveCfg = Debug|Any CPU
		{A73FE122-8D20-4244-A0F1-DF342DD107FD}.Debug|Any CPU.Build.0 = Debug|Any CPU
		{A73FE122-8D20-4244-A0F1-DF342DD107FD}.Release|Any CPU.ActiveCfg = Release|Any CPU
		{A73FE122-8D20-4244-A0F1-DF342DD107FD}.Release|Any CPU.Build.0 = Release|Any CPU
		{986155FF-BEC4-4753-8577-E33A34ED80BB}.Debug|Any CPU.ActiveCfg = Debug|Any CPU
		{986155FF-BEC4-4753-8577-E33A34ED80BB}.Debug|Any CPU.Build.0 = Debug|Any CPU
		{986155FF-BEC4-4753-8577-E33A34ED80BB}.Release|Any CPU.ActiveCfg = Release|Any CPU
		{986155FF-BEC4-4753-8577-E33A34ED80BB}.Release|Any CPU.Build.0 = Release|Any CPU
	EndGlobalSection
	GlobalSection(SolutionProperties) = preSolution
		HideSolutionNode = FALSE
	EndGlobalSection
	GlobalSection(NestedProjects) = preSolution
		{75D63BAE-04AE-4B1F-8333-35C921146E04} = {35E8A6D0-F426-4144-BBA9-28B05D5806F8}
		{A0A347E0-D9BF-4A19-B9E7-FD4162BE461A} = {35E8A6D0-F426-4144-BBA9-28B05D5806F8}
		{65F28F83-ADFD-4365-BA61-71358D8647D3} = {35E8A6D0-F426-4144-BBA9-28B05D5806F8}
		{5065BCD3-83D0-4487-AA5E-A94B58C82E8F} = {F4789C19-A055-467D-800A-9EEBF10ACFA5}
		{9E3CA794-C4D8-4136-B886-AF2B16964AAF} = {F4789C19-A055-467D-800A-9EEBF10ACFA5}
		{315215C8-A940-44F6-881A-98B589B7E751} = {F4789C19-A055-467D-800A-9EEBF10ACFA5}
		{B3AFBACF-E316-457A-B1E2-8E58E992792A} = {247F19F0-4D60-470F-8413-F5A7124282FB}
		{A73FE122-8D20-4244-A0F1-DF342DD107FD} = {247F19F0-4D60-470F-8413-F5A7124282FB}
		{986155FF-BEC4-4753-8577-E33A34ED80BB} = {247F19F0-4D60-470F-8413-F5A7124282FB}
	EndGlobalSection
	GlobalSection(ExtensibilityGlobals) = postSolution
		SolutionGuid = {67F3479A-41F2-4021-BFE2-D970957C380B}
	EndGlobalSection
EndGlobal
